// !$*UTF8*$!
{
	archiveVersion = 1;
	classes = {
	};
	objectVersion = 46;
	objects = {

/* Begin PBXBuildFile section */
		586470A51AD8107E0010F6A0 /* AppDelegate.swift in Sources */ = {isa = PBXBuildFile; fileRef = 586470A41AD8107E0010F6A0 /* AppDelegate.swift */; };
		586470A71AD8107E0010F6A0 /* ViewController.swift in Sources */ = {isa = PBXBuildFile; fileRef = 586470A61AD8107E0010F6A0 /* ViewController.swift */; };
		586470A91AD8107E0010F6A0 /* Images.xcassets in Resources */ = {isa = PBXBuildFile; fileRef = 586470A81AD8107E0010F6A0 /* Images.xcassets */; };
		586470AC1AD8107E0010F6A0 /* Main.storyboard in Resources */ = {isa = PBXBuildFile; fileRef = 586470AA1AD8107E0010F6A0 /* Main.storyboard */; };
		586470B81AD8107E0010F6A0 /* HelloOSXwindowTests.swift in Sources */ = {isa = PBXBuildFile; fileRef = 586470B71AD8107E0010F6A0 /* HelloOSXwindowTests.swift */; };
/* End PBXBuildFile section */

/* Begin PBXContainerItemProxy section */
		586470B21AD8107E0010F6A0 /* PBXContainerItemProxy */ = {
			isa = PBXContainerItemProxy;
			containerPortal = 586470971AD8107E0010F6A0 /* Project object */;
			proxyType = 1;
			remoteGlobalIDString = 5864709E1AD8107E0010F6A0;
			remoteInfo = HelloOSXwindow;
		};
/* End PBXContainerItemProxy section */

/* Begin PBXFileReference section */
		5864709F1AD8107E0010F6A0 /* HelloOSXwindow.app */ = {isa = PBXFileReference; explicitFileType = wrapper.application; includeInIndex = 0; path = HelloOSXwindow.app; sourceTree = BUILT_PRODUCTS_DIR; };
		586470A31AD8107E0010F6A0 /* Info.plist */ = {isa = PBXFileReference; lastKnownFileType = text.plist.xml; path = Info.plist; sourceTree = "<group>"; };
		586470A41AD8107E0010F6A0 /* AppDelegate.swift */ = {isa = PBXFileReference; lastKnownFileType = sourcecode.swift; path = AppDelegate.swift; sourceTree = "<group>"; };
		586470A61AD8107E0010F6A0 /* ViewController.swift */ = {isa = PBXFileReference; lastKnownFileType = sourcecode.swift; path = ViewController.swift; sourceTree = "<group>"; };
		586470A81AD8107E0010F6A0 /* Images.xcassets */ = {isa = PBXFileReference; lastKnownFileType = folder.assetcatalog; path = Images.xcassets; sourceTree = "<group>"; };
		586470AB1AD8107E0010F6A0 /* Base */ = {isa = PBXFileReference; lastKnownFileType = file.storyboard; name = Base; path = Base.lproj/Main.storyboard; sourceTree = "<group>"; };
		586470B11AD8107E0010F6A0 /* HelloOSXwindowTests.xctest */ = {isa = PBXFileReference; explicitFileType = wrapper.cfbundle; includeInIndex = 0; path = HelloOSXwindowTests.xctest; sourceTree = BUILT_PRODUCTS_DIR; };
		586470B61AD8107E0010F6A0 /* Info.plist */ = {isa = PBXFileReference; lastKnownFileType = text.plist.xml; path = Info.plist; sourceTree = "<group>"; };
		586470B71AD8107E0010F6A0 /* HelloOSXwindowTests.swift */ = {isa = PBXFileReference; lastKnownFileType = sourcecode.swift; path = HelloOSXwindowTests.swift; sourceTree = "<group>"; };
/* End PBXFileReference section */

/* Begin PBXFrameworksBuildPhase section */
		5864709C1AD8107E0010F6A0 /* Frameworks */ = {
			isa = PBXFrameworksBuildPhase;
			buildActionMask = 2147483647;
			files = (
			);
			runOnlyForDeploymentPostprocessing = 0;
		};
		586470AE1AD8107E0010F6A0 /* Frameworks */ = {
			isa = PBXFrameworksBuildPhase;
			buildActionMask = 2147483647;
			files = (
			);
			runOnlyForDeploymentPostprocessing = 0;
		};
/* End PBXFrameworksBuildPhase section */

/* Begin PBXGroup section */
		586470961AD8107E0010F6A0 = {
			isa = PBXGroup;
			children = (
				586470A11AD8107E0010F6A0 /* HelloOSXwindow */,
				586470B41AD8107E0010F6A0 /* HelloOSXwindowTests */,
				586470A01AD8107E0010F6A0 /* Products */,
			);
			sourceTree = "<group>";
		};
		586470A01AD8107E0010F6A0 /* Products */ = {
			isa = PBXGroup;
			children = (
				5864709F1AD8107E0010F6A0 /* HelloOSXwindow.app */,
				586470B11AD8107E0010F6A0 /* HelloOSXwindowTests.xctest */,
			);
			name = Products;
			sourceTree = "<group>";
		};
		586470A11AD8107E0010F6A0 /* HelloOSXwindow */ = {
			isa = PBXGroup;
			children = (
				586470A41AD8107E0010F6A0 /* AppDelegate.swift */,
				586470A61AD8107E0010F6A0 /* ViewController.swift */,
				586470A81AD8107E0010F6A0 /* Images.xcassets */,
				586470AA1AD8107E0010F6A0 /* Main.storyboard */,
				586470A21AD8107E0010F6A0 /* Supporting Files */,
			);
			path = HelloOSXwindow;
			sourceTree = "<group>";
		};
		586470A21AD8107E0010F6A0 /* Supporting Files */ = {
			isa = PBXGroup;
			children = (
				586470A31AD8107E0010F6A0 /* Info.plist */,
			);
			name = "Supporting Files";
			sourceTree = "<group>";
		};
		586470B41AD8107E0010F6A0 /* HelloOSXwindowTests */ = {
			isa = PBXGroup;
			children = (
				586470B71AD8107E0010F6A0 /* HelloOSXwindowTests.swift */,
				586470B51AD8107E0010F6A0 /* Supporting Files */,
			);
			path = HelloOSXwindowTests;
			sourceTree = "<group>";
		};
		586470B51AD8107E0010F6A0 /* Supporting Files */ = {
			isa = PBXGroup;
			children = (
				586470B61AD8107E0010F6A0 /* Info.plist */,
			);
			name = "Supporting Files";
			sourceTree = "<group>";
		};
/* End PBXGroup section */

/* Begin PBXNativeTarget section */
		5864709E1AD8107E0010F6A0 /* HelloOSXwindow */ = {
			isa = PBXNativeTarget;
			buildConfigurationList = 586470BB1AD8107E0010F6A0 /* Build configuration list for PBXNativeTarget "HelloOSXwindow" */;
			buildPhases = (
				5864709B1AD8107E0010F6A0 /* Sources */,
				5864709C1AD8107E0010F6A0 /* Frameworks */,
				5864709D1AD8107E0010F6A0 /* Resources */,
			);
			buildRules = (
			);
			dependencies = (
			);
			name = HelloOSXwindow;
			productName = HelloOSXwindow;
			productReference = 5864709F1AD8107E0010F6A0 /* HelloOSXwindow.app */;
			productType = "com.apple.product-type.application";
		};
		586470B01AD8107E0010F6A0 /* HelloOSXwindowTests */ = {
			isa = PBXNativeTarget;
			buildConfigurationList = 586470BE1AD8107E0010F6A0 /* Build configuration list for PBXNativeTarget "HelloOSXwindowTests" */;
			buildPhases = (
				586470AD1AD8107E0010F6A0 /* Sources */,
				586470AE1AD8107E0010F6A0 /* Frameworks */,
				586470AF1AD8107E0010F6A0 /* Resources */,
			);
			buildRules = (
			);
			dependencies = (
				586470B31AD8107E0010F6A0 /* PBXTargetDependency */,
			);
			name = HelloOSXwindowTests;
			productName = HelloOSXwindowTests;
			productReference = 586470B11AD8107E0010F6A0 /* HelloOSXwindowTests.xctest */;
			productType = "com.apple.product-type.bundle.unit-test";
		};
/* End PBXNativeTarget section */

/* Begin PBXProject section */
		586470971AD8107E0010F6A0 /* Project object */ = {
			isa = PBXProject;
			attributes = {
				LastUpgradeCheck = 0620;
				ORGANIZATIONNAME = jimmylee;
				TargetAttributes = {
					5864709E1AD8107E0010F6A0 = {
						CreatedOnToolsVersion = 6.2;
					};
					586470B01AD8107E0010F6A0 = {
						CreatedOnToolsVersion = 6.2;
						TestTargetID = 5864709E1AD8107E0010F6A0;
					};
				};
			};
			buildConfigurationList = 5864709A1AD8107E0010F6A0 /* Build configuration list for PBXProject "HelloOSXwindow" */;
			compatibilityVersion = "Xcode 3.2";
			developmentRegion = English;
			hasScannedForEncodings = 0;
			knownRegions = (
				en,
				Base,
			);
			mainGroup = 586470961AD8107E0010F6A0;
			productRefGroup = 586470A01AD8107E0010F6A0 /* Products */;
			projectDirPath = "";
			projectRoot = "";
			targets = (
				5864709E1AD8107E0010F6A0 /* HelloOSXwindow */,
				586470B01AD8107E0010F6A0 /* HelloOSXwindowTests */,
			);
		};
/* End PBXProject section */

/* Begin PBXResourcesBuildPhase section */
		5864709D1AD8107E0010F6A0 /* Resources */ = {
			isa = PBXResourcesBuildPhase;
			buildActionMask = 2147483647;
			files = (
				586470A91AD8107E0010F6A0 /* Images.xcassets in Resources */,
				586470AC1AD8107E0010F6A0 /* Main.storyboard in Resources */,
			);
			runOnlyForDeploymentPostprocessing = 0;
		};
		586470AF1AD8107E0010F6A0 /* Resources */ = {
			isa = PBXResourcesBuildPhase;
			buildActionMask = 2147483647;
			files = (
			);
			runOnlyForDeploymentPostprocessing = 0;
		};
/* End PBXResourcesBuildPhase section */

/* Begin PBXSourcesBuildPhase section */
		5864709B1AD8107E0010F6A0 /* Sources */ = {
			isa = PBXSourcesBuildPhase;
			buildActionMask = 2147483647;
			files = (
				586470A71AD8107E0010F6A0 /* ViewController.swift in Sources */,
				586470A51AD8107E0010F6A0 /* AppDelegate.swift in Sources */,
			);
			runOnlyForDeploymentPostprocessing = 0;
		};
		586470AD1AD8107E0010F6A0 /* Sources */ = {
			isa = PBXSourcesBuildPhase;
			buildActionMask = 2147483647;
			files = (
				586470B81AD8107E0010F6A0 /* HelloOSXwindowTests.swift in Sources */,
			);
			runOnlyForDeploymentPostprocessing = 0;
		};
/* End PBXSourcesBuildPhase section */

/* Begin PBXTargetDependency section */
		586470B31AD8107E0010F6A0 /* PBXTargetDependency */ = {
			isa = PBXTargetDependency;
			target = 5864709E1AD8107E0010F6A0 /* HelloOSXwindow */;
			targetProxy = 586470B21AD8107E0010F6A0 /* PBXContainerItemProxy */;
		};
/* End PBXTargetDependency section */

/* Begin PBXVariantGroup section */
		586470AA1AD8107E0010F6A0 /* Main.storyboard */ = {
			isa = PBXVariantGroup;
			children = (
				586470AB1AD8107E0010F6A0 /* Base */,
			);
			name = Main.storyboard;
			sourceTree = "<group>";
		};
/* End PBXVariantGroup section */

/* Begin XCBuildConfiguration section */
		586470B91AD8107E0010F6A0 /* Debug */ = {
			isa = XCBuildConfiguration;
			buildSettings = {
				ALWAYS_SEARCH_USER_PATHS = NO;
				CLANG_CXX_LANGUAGE_STANDARD = "gnu++0x";
				CLANG_CXX_LIBRARY = "libc++";
				CLANG_ENABLE_MODULES = YES;
				CLANG_ENABLE_OBJC_ARC = YES;
				CLANG_WARN_BOOL_CONVERSION = YES;
				CLANG_WARN_CONSTANT_CONVERSION = YES;
				CLANG_WARN_DIRECT_OBJC_ISA_USAGE = YES_ERROR;
				CLANG_WARN_EMPTY_BODY = YES;
				CLANG_WARN_ENUM_CONVERSION = YES;
				CLANG_WARN_INT_CONVERSION = YES;
				CLANG_WARN_OBJC_ROOT_CLASS = YES_ERROR;
				CLANG_WARN_UNREACHABLE_CODE = YES;
				CLANG_WARN__DUPLICATE_METHOD_MATCH = YES;
				CODE_SIGN_IDENTITY = "-";
				COPY_PHASE_STRIP = NO;
				ENABLE_STRICT_OBJC_MSGSEND = YES;
				GCC_C_LANGUAGE_STANDARD = gnu99;
				GCC_DYNAMIC_NO_PIC = NO;
				GCC_OPTIMIZATION_LEVEL = 0;
				GCC_PREPROCESSOR_DEFINITIONS = (
					"DEBUG=1",
					"$(inherited)",
				);
				GCC_SYMBOLS_PRIVATE_EXTERN = NO;
				GCC_WARN_64_TO_32_BIT_CONVERSION = YES;
				GCC_WARN_ABOUT_RETURN_TYPE = YES_ERROR;
				GCC_WARN_UNDECLARED_SELECTOR = YES;
				GCC_WARN_UNINITIALIZED_AUTOS = YES_AGGRESSIVE;
				GCC_WARN_UNUSED_FUNCTION = YES;
				GCC_WARN_UNUSED_VARIABLE = YES;
				MACOSX_DEPLOYMENT_TARGET = 10.10;
				MTL_ENABLE_DEBUG_INFO = YES;
				ONLY_ACTIVE_ARCH = YES;
				SDKROOT = macosx;
				SWIFT_OPTIMIZATION_LEVEL = "-Onone";
			};
			name = Debug;
		};
		586470BA1AD8107E0010F6A0 /* Release */ = {
			isa = XCBuildConfiguration;
			buildSettings = {
				ALWAYS_SEARCH_USER_PATHS = NO;
				CLANG_CXX_LANGUAGE_STANDARD = "gnu++0x";
				CLANG_CXX_LIBRARY = "libc++";
				CLANG_ENABLE_MODULES = YES;
				CLANG_ENABLE_OBJC_ARC = YES;
				CLANG_WARN_BOOL_CONVERSION = YES;
				CLANG_WARN_CONSTANT_CONVERSION = YES;
				CLANG_WARN_DIRECT_OBJC_ISA_USAGE = YES_ERROR;
				CLANG_WARN_EMPTY_BODY = YES;
				CLANG_WARN_ENUM_CONVERSION = YES;
				CLANG_WARN_INT_CONVERSION = YES;
				CLANG_WARN_OBJC_ROOT_CLASS = YES_ERROR;
				CLANG_WARN_UNREACHABLE_CODE = YES;
				CLANG_WARN__DUPLICATE_METHOD_MATCH = YES;
				CODE_SIGN_IDENTITY = "-";
				COPY_PHASE_STRIP = NO;
				DEBUG_INFORMATION_FORMAT = "dwarf-with-dsym";
				ENABLE_NS_ASSERTIONS = NO;
				ENABLE_STRICT_OBJC_MSGSEND = YES;
				GCC_C_LANGUAGE_STANDARD = gnu99;
				GCC_WARN_64_TO_32_BIT_CONVERSION = YES;
				GCC_WARN_ABOUT_RETURN_TYPE = YES_ERROR;
				GCC_WARN_UNDECLARED_SELECTOR = YES;
				GCC_WARN_UNINITIALIZED_AUTOS = YES_AGGRESSIVE;
				GCC_WARN_UNUSED_FUNCTION = YES;
				GCC_WARN_UNUSED_VARIABLE = YES;
				MACOSX_DEPLOYMENT_TARGET = 10.10;
				MTL_ENABLE_DEBUG_INFO = NO;
				SDKROOT = macosx;
			};
			name = Release;
		};
		586470BC1AD8107E0010F6A0 /* Debug */ = {
			isa = XCBuildConfiguration;
			buildSettings = {
				ASSETCATALOG_COMPILER_APPICON_NAME = AppIcon;
				COMBINE_HIDPI_IMAGES = YES;
				INFOPLIST_FILE = HelloOSXwindow/Info.plist;
				LD_RUNPATH_SEARCH_PATHS = "$(inherited) @executable_path/../Frameworks";
				PRODUCT_NAME = "$(TARGET_NAME)";
			};
			name = Debug;
		};
		586470BD1AD8107E0010F6A0 /* Release */ = {
			isa = XCBuildConfiguration;
			buildSettings = {
				ASSETCATALOG_COMPILER_APPICON_NAME = AppIcon;
				COMBINE_HIDPI_IMAGES = YES;
				INFOPLIST_FILE = HelloOSXwindow/Info.plist;
				LD_RUNPATH_SEARCH_PATHS = "$(inherited) @executable_path/../Frameworks";
				PRODUCT_NAME = "$(TARGET_NAME)";
			};
			name = Release;
		};
		586470BF1AD8107E0010F6A0 /* Debug */ = {
			isa = XCBuildConfiguration;
			buildSettings = {
				BUNDLE_LOADER = "$(TEST_HOST)";
				COMBINE_HIDPI_IMAGES = YES;
				FRAMEWORK_SEARCH_PATHS = (
					"$(DEVELOPER_FRAMEWORKS_DIR)",
					"$(inherited)",
				);
				GCC_PREPROCESSOR_DEFINITIONS = (
					"DEBUG=1",
					"$(inherited)",
				);
				INFOPLIST_FILE = HelloOSXwindowTests/Info.plist;
				LD_RUNPATH_SEARCH_PATHS = "$(inherited) @executable_path/../Frameworks @loader_path/../Frameworks";
				PRODUCT_NAME = "$(TARGET_NAME)";
				TEST_HOST = "$(BUILT_PRODUCTS_DIR)/HelloOSXwindow.app/Contents/MacOS/HelloOSXwindow";
			};
			name = Debug;
		};
		586470C01AD8107E0010F6A0 /* Release */ = {
			isa = XCBuildConfiguration;
			buildSettings = {
				BUNDLE_LOADER = "$(TEST_HOST)";
				COMBINE_HIDPI_IMAGES = YES;
				FRAMEWORK_SEARCH_PATHS = (
					"$(DEVELOPER_FRAMEWORKS_DIR)",
					"$(inherited)",
				);
				INFOPLIST_FILE = HelloOSXwindowTests/Info.plist;
				LD_RUNPATH_SEARCH_PATHS = "$(inherited) @executable_path/../Frameworks @loader_path/../Frameworks";
				PRODUCT_NAME = "$(TARGET_NAME)";
				TEST_HOST = "$(BUILT_PRODUCTS_DIR)/HelloOSXwindow.app/Contents/MacOS/HelloOSXwindow";
			};
			name = Release;
		};
/* End XCBuildConfiguration section */

/* Begin XCConfigurationList section */
		5864709A1AD8107E0010F6A0 /* Build configuration list for PBXProject "HelloOSXwindow" */ = {
			isa = XCConfigurationList;
			buildConfigurations = (
				586470B91AD8107E0010F6A0 /* Debug */,
				586470BA1AD8107E0010F6A0 /* Release */,
			);
			defaultConfigurationIsVisible = 0;
			defaultConfigurationName = Release;
		};
		586470BB1AD8107E0010F6A0 /* Build configuration list for PBXNativeTarget "HelloOSXwindow" */ = {
			isa = XCConfigurationList;
			buildConfigurations = (
				586470BC1AD8107E0010F6A0 /* Debug */,
				586470BD1AD8107E0010F6A0 /* Release */,
			);
			defaultConfigurationIsVisible = 0;
		};
		586470BE1AD8107E0010F6A0 /* Build configuration list for PBXNativeTarget "HelloOSXwindowTests" */ = {
			isa = XCConfigurationList;
			buildConfigurations = (
				586470BF1AD8107E0010F6A0 /* Debug */,
				586470C01AD8107E0010F6A0 /* Release */,
			);
			defaultConfigurationIsVisible = 0;
		};
/* End XCConfigurationList section */
	};
	rootObject = 586470971AD8107E0010F6A0 /* Project object */;
}
