// !$*UTF8*$!
{
	archiveVersion = 1;
	classes = {
	};
	objectVersion = 46;
	objects = {

/* Begin PBXBuildFile section */
		58CA59F41AE7D23000D0F874 /* main.swift in Sources */ = {isa = PBXBuildFile; fileRef = 58CA59F31AE7D23000D0F874 /* main.swift */; };
/* End PBXBuildFile section */

/* Begin PBXCopyFilesBuildPhase section */
		58CA59EE1AE7D23000D0F874 /* CopyFiles */ = {
			isa = PBXCopyFilesBuildPhase;
			buildActionMask = 2147483647;
			dstPath = /usr/share/man/man1/;
			dstSubfolderSpec = 0;
			files = (
			);
			runOnlyForDeploymentPostprocessing = 1;
		};
/* End PBXCopyFilesBuildPhase section */

/* Begin PBXFileReference section */
		58CA59F01AE7D23000D0F874 /* L05Funcs */ = {isa = PBXFileReference; explicitFileType = "compiled.mach-o.executable"; includeInIndex = 0; path = L05Funcs; sourceTree = BUILT_PRODUCTS_DIR; };
		58CA59F31AE7D23000D0F874 /* main.swift */ = {isa = PBXFileReference; lastKnownFileType = sourcecode.swift; path = main.swift; sourceTree = "<group>"; };
/* End PBXFileReference section */

/* Begin PBXFrameworksBuildPhase section */
		58CA59ED1AE7D23000D0F874 /* Frameworks */ = {
			isa = PBXFrameworksBuildPhase;
			buildActionMask = 2147483647;
			files = (
			);
			runOnlyForDeploymentPostprocessing = 0;
		};
/* End PBXFrameworksBuildPhase section */

/* Begin PBXGroup section */
		58CA59E71AE7D23000D0F874 = {
			isa = PBXGroup;
			children = (
				58CA59F21AE7D23000D0F874 /* L05Funcs */,
				58CA59F11AE7D23000D0F874 /* Products */,
			);
			sourceTree = "<group>";
		};
		58CA59F11AE7D23000D0F874 /* Products */ = {
			isa = PBXGroup;
			children = (
				58CA59F01AE7D23000D0F874 /* L05Funcs */,
			);
			name = Products;
			sourceTree = "<group>";
		};
		58CA59F21AE7D23000D0F874 /* L05Funcs */ = {
			isa = PBXGroup;
			children = (
				58CA59F31AE7D23000D0F874 /* main.swift */,
			);
			path = L05Funcs;
			sourceTree = "<group>";
		};
/* End PBXGroup section */

/* Begin PBXNativeTarget section */
		58CA59EF1AE7D23000D0F874 /* L05Funcs */ = {
			isa = PBXNativeTarget;
			buildConfigurationList = 58CA59F71AE7D23000D0F874 /* Build configuration list for PBXNativeTarget "L05Funcs" */;
			buildPhases = (
				58CA59EC1AE7D23000D0F874 /* Sources */,
				58CA59ED1AE7D23000D0F874 /* Frameworks */,
				58CA59EE1AE7D23000D0F874 /* CopyFiles */,
			);
			buildRules = (
			);
			dependencies = (
			);
			name = L05Funcs;
			productName = L05Funcs;
			productReference = 58CA59F01AE7D23000D0F874 /* L05Funcs */;
			productType = "com.apple.product-type.tool";
		};
/* End PBXNativeTarget section */

/* Begin PBXProject section */
		58CA59E81AE7D23000D0F874 /* Project object */ = {
			isa = PBXProject;
			attributes = {
				LastUpgradeCheck = 0630;
				ORGANIZATIONNAME = jimmylee;
				TargetAttributes = {
					58CA59EF1AE7D23000D0F874 = {
						CreatedOnToolsVersion = 6.3;
					};
				};
			};
			buildConfigurationList = 58CA59EB1AE7D23000D0F874 /* Build configuration list for PBXProject "L05Funcs" */;
			compatibilityVersion = "Xcode 3.2";
			developmentRegion = English;
			hasScannedForEncodings = 0;
			knownRegions = (
				en,
			);
			mainGroup = 58CA59E71AE7D23000D0F874;
			productRefGroup = 58CA59F11AE7D23000D0F874 /* Products */;
			projectDirPath = "";
			projectRoot = "";
			targets = (
				58CA59EF1AE7D23000D0F874 /* L05Funcs */,
			);
		};
/* End PBXProject section */

/* Begin PBXSourcesBuildPhase section */
		58CA59EC1AE7D23000D0F874 /* Sources */ = {
			isa = PBXSourcesBuildPhase;
			buildActionMask = 2147483647;
			files = (
				58CA59F41AE7D23000D0F874 /* main.swift in Sources */,
			);
			runOnlyForDeploymentPostprocessing = 0;
		};
/* End PBXSourcesBuildPhase section */

/* Begin XCBuildConfiguration section */
		58CA59F51AE7D23000D0F874 /* Debug */ = {
			isa = XCBuildConfiguration;
			buildSettings = {
				ALWAYS_SEARCH_USER_PATHS = NO;
				CLANG_CXX_LANGUAGE_STANDARD = "gnu++0x";
				CLANG_CXX_LIBRARY = "libc++";
				CLANG_ENABLE_MODULES = YES;
				CLANG_ENABLE_OBJC_ARC = YES;
				CLANG_WARN_BOOL_CONVERSION = YES;
				CLANG_WARN_CONSTANT_CONVERSION = YES;
				CLANG_WARN_DIRECT_OBJC_ISA_USAGE = YES_ERROR;
				CLANG_WARN_EMPTY_BODY = YES;
				CLANG_WARN_ENUM_CONVERSION = YES;
				CLANG_WARN_INT_CONVERSION = YES;
				CLANG_WARN_OBJC_ROOT_CLASS = YES_ERROR;
				CLANG_WARN_UNREACHABLE_CODE = YES;
				CLANG_WARN__DUPLICATE_METHOD_MATCH = YES;
				COPY_PHASE_STRIP = NO;
				DEBUG_INFORMATION_FORMAT = dwarf;
				ENABLE_STRICT_OBJC_MSGSEND = YES;
				GCC_C_LANGUAGE_STANDARD = gnu99;
				GCC_DYNAMIC_NO_PIC = NO;
				GCC_NO_COMMON_BLOCKS = YES;
				GCC_OPTIMIZATION_LEVEL = 0;
				GCC_PREPROCESSOR_DEFINITIONS = (
					"DEBUG=1",
					"$(inherited)",
				);
				GCC_SYMBOLS_PRIVATE_EXTERN = NO;
				GCC_WARN_64_TO_32_BIT_CONVERSION = YES;
				GCC_WARN_ABOUT_RETURN_TYPE = YES_ERROR;
				GCC_WARN_UNDECLARED_SELECTOR = YES;
				GCC_WARN_UNINITIALIZED_AUTOS = YES_AGGRESSIVE;
				GCC_WARN_UNUSED_FUNCTION = YES;
				GCC_WARN_UNUSED_VARIABLE = YES;
				MACOSX_DEPLOYMENT_TARGET = 10.10;
				MTL_ENABLE_DEBUG_INFO = YES;
				ONLY_ACTIVE_ARCH = YES;
				SDKROOT = macosx;
				SWIFT_OPTIMIZATION_LEVEL = "-Onone";
			};
			name = Debug;
		};
		58CA59F61AE7D23000D0F874 /* Release */ = {
			isa = XCBuildConfiguration;
			buildSettings = {
				ALWAYS_SEARCH_USER_PATHS = NO;
				CLANG_CXX_LANGUAGE_STANDARD = "gnu++0x";
				CLANG_CXX_LIBRARY = "libc++";
				CLANG_ENABLE_MODULES = YES;
				CLANG_ENABLE_OBJC_ARC = YES;
				CLANG_WARN_BOOL_CONVERSION = YES;
				CLANG_WARN_CONSTANT_CONVERSION = YES;
				CLANG_WARN_DIRECT_OBJC_ISA_USAGE = YES_ERROR;
				CLANG_WARN_EMPTY_BODY = YES;
				CLANG_WARN_ENUM_CONVERSION = YES;
				CLANG_WARN_INT_CONVERSION = YES;
				CLANG_WARN_OBJC_ROOT_CLASS = YES_ERROR;
				CLANG_WARN_UNREACHABLE_CODE = YES;
				CLANG_WARN__DUPLICATE_METHOD_MATCH = YES;
				COPY_PHASE_STRIP = NO;
				DEBUG_INFORMATION_FORMAT = "dwarf-with-dsym";
				ENABLE_NS_ASSERTIONS = NO;
				ENABLE_STRICT_OBJC_MSGSEND = YES;
				GCC_C_LANGUAGE_STANDARD = gnu99;
				GCC_NO_COMMON_BLOCKS = YES;
				GCC_WARN_64_TO_32_BIT_CONVERSION = YES;
				GCC_WARN_ABOUT_RETURN_TYPE = YES_ERROR;
				GCC_WARN_UNDECLARED_SELECTOR = YES;
				GCC_WARN_UNINITIALIZED_AUTOS = YES_AGGRESSIVE;
				GCC_WARN_UNUSED_FUNCTION = YES;
				GCC_WARN_UNUSED_VARIABLE = YES;
				MACOSX_DEPLOYMENT_TARGET = 10.10;
				MTL_ENABLE_DEBUG_INFO = NO;
				SDKROOT = macosx;
			};
			name = Release;
		};
		58CA59F81AE7D23000D0F874 /* Debug */ = {
			isa = XCBuildConfiguration;
			buildSettings = {
				PRODUCT_NAME = "$(TARGET_NAME)";
			};
			name = Debug;
		};
		58CA59F91AE7D23000D0F874 /* Release */ = {
			isa = XCBuildConfiguration;
			buildSettings = {
				PRODUCT_NAME = "$(TARGET_NAME)";
			};
			name = Release;
		};
/* End XCBuildConfiguration section */

/* Begin XCConfigurationList section */
		58CA59EB1AE7D23000D0F874 /* Build configuration list for PBXProject "L05Funcs" */ = {
			isa = XCConfigurationList;
			buildConfigurations = (
				58CA59F51AE7D23000D0F874 /* Debug */,
				58CA59F61AE7D23000D0F874 /* Release */,
			);
			defaultConfigurationIsVisible = 0;
			defaultConfigurationName = Release;
		};
		58CA59F71AE7D23000D0F874 /* Build configuration list for PBXNativeTarget "L05Funcs" */ = {
			isa = XCConfigurationList;
			buildConfigurations = (
				58CA59F81AE7D23000D0F874 /* Debug */,
				58CA59F91AE7D23000D0F874 /* Release */,
			);
			defaultConfigurationIsVisible = 0;
		};
/* End XCConfigurationList section */
	};
	rootObject = 58CA59E81AE7D23000D0F874 /* Project object */;
}
