// !$*UTF8*$!
{
	archiveVersion = 1;
	classes = {
	};
	objectVersion = 46;
	objects = {

/* Begin PBXBuildFile section */
		589EC26D1AE7C34C00DEF431 /* main.swift in Sources */ = {isa = PBXBuildFile; fileRef = 589EC26C1AE7C34C00DEF431 /* main.swift */; };
/* End PBXBuildFile section */

/* Begin PBXCopyFilesBuildPhase section */
		589EC2671AE7C34C00DEF431 /* CopyFiles */ = {
			isa = PBXCopyFilesBuildPhase;
			buildActionMask = 2147483647;
			dstPath = /usr/share/man/man1/;
			dstSubfolderSpec = 0;
			files = (
			);
			runOnlyForDeploymentPostprocessing = 1;
		};
/* End PBXCopyFilesBuildPhase section */

/* Begin PBXFileReference section */
		589EC2691AE7C34C00DEF431 /* L04Flow */ = {isa = PBXFileReference; explicitFileType = "compiled.mach-o.executable"; includeInIndex = 0; path = L04Flow; sourceTree = BUILT_PRODUCTS_DIR; };
		589EC26C1AE7C34C00DEF431 /* main.swift */ = {isa = PBXFileReference; lastKnownFileType = sourcecode.swift; path = main.swift; sourceTree = "<group>"; };
/* End PBXFileReference section */

/* Begin PBXFrameworksBuildPhase section */
		589EC2661AE7C34C00DEF431 /* Frameworks */ = {
			isa = PBXFrameworksBuildPhase;
			buildActionMask = 2147483647;
			files = (
			);
			runOnlyForDeploymentPostprocessing = 0;
		};
/* End PBXFrameworksBuildPhase section */

/* Begin PBXGroup section */
		589EC2601AE7C34C00DEF431 = {
			isa = PBXGroup;
			children = (
				589EC26B1AE7C34C00DEF431 /* L04Flow */,
				589EC26A1AE7C34C00DEF431 /* Products */,
			);
			sourceTree = "<group>";
		};
		589EC26A1AE7C34C00DEF431 /* Products */ = {
			isa = PBXGroup;
			children = (
				589EC2691AE7C34C00DEF431 /* L04Flow */,
			);
			name = Products;
			sourceTree = "<group>";
		};
		589EC26B1AE7C34C00DEF431 /* L04Flow */ = {
			isa = PBXGroup;
			children = (
				589EC26C1AE7C34C00DEF431 /* main.swift */,
			);
			path = L04Flow;
			sourceTree = "<group>";
		};
/* End PBXGroup section */

/* Begin PBXNativeTarget section */
		589EC2681AE7C34C00DEF431 /* L04Flow */ = {
			isa = PBXNativeTarget;
			buildConfigurationList = 589EC2701AE7C34C00DEF431 /* Build configuration list for PBXNativeTarget "L04Flow" */;
			buildPhases = (
				589EC2651AE7C34C00DEF431 /* Sources */,
				589EC2661AE7C34C00DEF431 /* Frameworks */,
				589EC2671AE7C34C00DEF431 /* CopyFiles */,
			);
			buildRules = (
			);
			dependencies = (
			);
			name = L04Flow;
			productName = L04Flow;
			productReference = 589EC2691AE7C34C00DEF431 /* L04Flow */;
			productType = "com.apple.product-type.tool";
		};
/* End PBXNativeTarget section */

/* Begin PBXProject section */
		589EC2611AE7C34C00DEF431 /* Project object */ = {
			isa = PBXProject;
			attributes = {
				LastUpgradeCheck = 0630;
				ORGANIZATIONNAME = jimmylee;
				TargetAttributes = {
					589EC2681AE7C34C00DEF431 = {
						CreatedOnToolsVersion = 6.3;
					};
				};
			};
			buildConfigurationList = 589EC2641AE7C34C00DEF431 /* Build configuration list for PBXProject "L04Flow" */;
			compatibilityVersion = "Xcode 3.2";
			developmentRegion = English;
			hasScannedForEncodings = 0;
			knownRegions = (
				en,
			);
			mainGroup = 589EC2601AE7C34C00DEF431;
			productRefGroup = 589EC26A1AE7C34C00DEF431 /* Products */;
			projectDirPath = "";
			projectRoot = "";
			targets = (
				589EC2681AE7C34C00DEF431 /* L04Flow */,
			);
		};
/* End PBXProject section */

/* Begin PBXSourcesBuildPhase section */
		589EC2651AE7C34C00DEF431 /* Sources */ = {
			isa = PBXSourcesBuildPhase;
			buildActionMask = 2147483647;
			files = (
				589EC26D1AE7C34C00DEF431 /* main.swift in Sources */,
			);
			runOnlyForDeploymentPostprocessing = 0;
		};
/* End PBXSourcesBuildPhase section */

/* Begin XCBuildConfiguration section */
		589EC26E1AE7C34C00DEF431 /* Debug */ = {
			isa = XCBuildConfiguration;
			buildSettings = {
				ALWAYS_SEARCH_USER_PATHS = NO;
				CLANG_CXX_LANGUAGE_STANDARD = "gnu++0x";
				CLANG_CXX_LIBRARY = "libc++";
				CLANG_ENABLE_MODULES = YES;
				CLANG_ENABLE_OBJC_ARC = YES;
				CLANG_WARN_BOOL_CONVERSION = YES;
				CLANG_WARN_CONSTANT_CONVERSION = YES;
				CLANG_WARN_DIRECT_OBJC_ISA_USAGE = YES_ERROR;
				CLANG_WARN_EMPTY_BODY = YES;
				CLANG_WARN_ENUM_CONVERSION = YES;
				CLANG_WARN_INT_CONVERSION = YES;
				CLANG_WARN_OBJC_ROOT_CLASS = YES_ERROR;
				CLANG_WARN_UNREACHABLE_CODE = YES;
				CLANG_WARN__DUPLICATE_METHOD_MATCH = YES;
				COPY_PHASE_STRIP = NO;
				DEBUG_INFORMATION_FORMAT = dwarf;
				ENABLE_STRICT_OBJC_MSGSEND = YES;
				GCC_C_LANGUAGE_STANDARD = gnu99;
				GCC_DYNAMIC_NO_PIC = NO;
				GCC_NO_COMMON_BLOCKS = YES;
				GCC_OPTIMIZATION_LEVEL = 0;
				GCC_PREPROCESSOR_DEFINITIONS = (
					"DEBUG=1",
					"$(inherited)",
				);
				GCC_SYMBOLS_PRIVATE_EXTERN = NO;
				GCC_WARN_64_TO_32_BIT_CONVERSION = YES;
				GCC_WARN_ABOUT_RETURN_TYPE = YES_ERROR;
				GCC_WARN_UNDECLARED_SELECTOR = YES;
				GCC_WARN_UNINITIALIZED_AUTOS = YES_AGGRESSIVE;
				GCC_WARN_UNUSED_FUNCTION = YES;
				GCC_WARN_UNUSED_VARIABLE = YES;
				MACOSX_DEPLOYMENT_TARGET = 10.10;
				MTL_ENABLE_DEBUG_INFO = YES;
				ONLY_ACTIVE_ARCH = YES;
				SDKROOT = macosx;
				SWIFT_OPTIMIZATION_LEVEL = "-Onone";
			};
			name = Debug;
		};
		589EC26F1AE7C34C00DEF431 /* Release */ = {
			isa = XCBuildConfiguration;
			buildSettings = {
				ALWAYS_SEARCH_USER_PATHS = NO;
				CLANG_CXX_LANGUAGE_STANDARD = "gnu++0x";
				CLANG_CXX_LIBRARY = "libc++";
				CLANG_ENABLE_MODULES = YES;
				CLANG_ENABLE_OBJC_ARC = YES;
				CLANG_WARN_BOOL_CONVERSION = YES;
				CLANG_WARN_CONSTANT_CONVERSION = YES;
				CLANG_WARN_DIRECT_OBJC_ISA_USAGE = YES_ERROR;
				CLANG_WARN_EMPTY_BODY = YES;
				CLANG_WARN_ENUM_CONVERSION = YES;
				CLANG_WARN_INT_CONVERSION = YES;
				CLANG_WARN_OBJC_ROOT_CLASS = YES_ERROR;
				CLANG_WARN_UNREACHABLE_CODE = YES;
				CLANG_WARN__DUPLICATE_METHOD_MATCH = YES;
				COPY_PHASE_STRIP = NO;
				DEBUG_INFORMATION_FORMAT = "dwarf-with-dsym";
				ENABLE_NS_ASSERTIONS = NO;
				ENABLE_STRICT_OBJC_MSGSEND = YES;
				GCC_C_LANGUAGE_STANDARD = gnu99;
				GCC_NO_COMMON_BLOCKS = YES;
				GCC_WARN_64_TO_32_BIT_CONVERSION = YES;
				GCC_WARN_ABOUT_RETURN_TYPE = YES_ERROR;
				GCC_WARN_UNDECLARED_SELECTOR = YES;
				GCC_WARN_UNINITIALIZED_AUTOS = YES_AGGRESSIVE;
				GCC_WARN_UNUSED_FUNCTION = YES;
				GCC_WARN_UNUSED_VARIABLE = YES;
				MACOSX_DEPLOYMENT_TARGET = 10.10;
				MTL_ENABLE_DEBUG_INFO = NO;
				SDKROOT = macosx;
			};
			name = Release;
		};
		589EC2711AE7C34C00DEF431 /* Debug */ = {
			isa = XCBuildConfiguration;
			buildSettings = {
				PRODUCT_NAME = "$(TARGET_NAME)";
			};
			name = Debug;
		};
		589EC2721AE7C34C00DEF431 /* Release */ = {
			isa = XCBuildConfiguration;
			buildSettings = {
				PRODUCT_NAME = "$(TARGET_NAME)";
			};
			name = Release;
		};
/* End XCBuildConfiguration section */

/* Begin XCConfigurationList section */
		589EC2641AE7C34C00DEF431 /* Build configuration list for PBXProject "L04Flow" */ = {
			isa = XCConfigurationList;
			buildConfigurations = (
				589EC26E1AE7C34C00DEF431 /* Debug */,
				589EC26F1AE7C34C00DEF431 /* Release */,
			);
			defaultConfigurationIsVisible = 0;
			defaultConfigurationName = Release;
		};
		589EC2701AE7C34C00DEF431 /* Build configuration list for PBXNativeTarget "L04Flow" */ = {
			isa = XCConfigurationList;
			buildConfigurations = (
				589EC2711AE7C34C00DEF431 /* Debug */,
				589EC2721AE7C34C00DEF431 /* Release */,
			);
			defaultConfigurationIsVisible = 0;
		};
/* End XCConfigurationList section */
	};
	rootObject = 589EC2611AE7C34C00DEF431 /* Project object */;
}
